<?xml version="1.0" encoding="utf-8"?>
<Project xmlns="http://schemas.microsoft.com/developer/msbuild/2003">
  <ItemGroup>
    <Filter Include="Generated Files">
      <UniqueIdentifier>{71ED8ED8-ACB9-4CE9-BBE1-E00B30144E11}</UniqueIdentifier>
      <Extensions>cpp;c;cxx;moc;h;def;odl;idl;res;</Extensions>
    </Filter>
    <Filter Include="Generated Files">
      <UniqueIdentifier>{71ED8ED8-ACB9-4CE9-BBE1-E00B30144E11}</UniqueIdentifier>
      <Extensions>cpp;c;cxx;moc;h;def;odl;idl;res;</Extensions>
    </Filter>
    <Filter Include="Header Files">
      <UniqueIdentifier>{93995380-89BD-4b04-88EB-625FBE52EBFB}</UniqueIdentifier>
      <Extensions>h;hpp;hxx;hm;inl;inc;xsd</Extensions>
    </Filter>
    <Filter Include="Header Files">
      <UniqueIdentifier>{93995380-89BD-4b04-88EB-625FBE52EBFB}</UniqueIdentifier>
      <Extensions>h;hpp;hxx;hm;inl;inc;xsd</Extensions>
    </Filter>
    <Filter Include="Source Files">
      <UniqueIdentifier>{4FC737F1-C7A5-4376-A066-2A32D752A2FF}</UniqueIdentifier>
      <Extensions>cpp;c;cxx;def;odl;idl;hpj;bat;asm;asmx</Extensions>
    </Filter>
    <Filter Include="Source Files">
      <UniqueIdentifier>{4FC737F1-C7A5-4376-A066-2A32D752A2FF}</UniqueIdentifier>
      <Extensions>cpp;c;cxx;def;odl;idl;hpj;bat;asm;asmx</Extensions>
    </Filter>
    <Filter Include="Translation Files">
      <UniqueIdentifier>{639EADAA-A684-42e4-A9AD-28FC9BCB8F7C}</UniqueIdentifier>
      <Extensions>ts;xlf</Extensions>
      <ParseFiles>false</ParseFiles>
    </Filter>
    <Filter Include="Translation Files">
      <UniqueIdentifier>{639EADAA-A684-42e4-A9AD-28FC9BCB8F7C}</UniqueIdentifier>
      <Extensions>ts;xlf</Extensions>
      <ParseFiles>false</ParseFiles>
    </Filter>
  </ItemGroup>
  <ItemGroup>
    <ClCompile Include="..\scintilla\lexlib\Accessor.cpp">
      <Filter>Source Files</Filter>
    </ClCompile>
    <ClCompile Include="..\scintilla\src\AutoComplete.cpp">
      <Filter>Source Files</Filter>
    </ClCompile>
    <ClCompile Include="..\scintilla\src\CallTip.cpp">
      <Filter>Source Files</Filter>
    </ClCompile>
    <ClCompile Include="..\scintilla\src\CaseConvert.cpp">
      <Filter>Source Files</Filter>
    </ClCompile>
    <ClCompile Include="..\scintilla\src\CaseFolder.cpp">
      <Filter>Source Files</Filter>
    </ClCompile>
    <ClCompile Include="..\scintilla\src\Catalogue.cpp">
      <Filter>Source Files</Filter>
    </ClCompile>
    <ClCompile Include="..\scintilla\src\CellBuffer.cpp">
      <Filter>Source Files</Filter>
    </ClCompile>
    <ClCompile Include="..\scintilla\src\CharClassify.cpp">
      <Filter>Source Files</Filter>
    </ClCompile>
    <ClCompile Include="..\scintilla\lexlib\CharacterCategory.cpp">
      <Filter>Source Files</Filter>
    </ClCompile>
    <ClCompile Include="..\scintilla\lexlib\CharacterSet.cpp">
      <Filter>Source Files</Filter>
    </ClCompile>
    <ClCompile Include="..\scintilla\src\ContractionState.cpp">
      <Filter>Source Files</Filter>
    </ClCompile>
    <ClCompile Include="..\scintilla\src\DBCS.cpp">
      <Filter>Source Files</Filter>
    </ClCompile>
    <ClCompile Include="..\scintilla\src\Decoration.cpp">
      <Filter>Source Files</Filter>
    </ClCompile>
    <ClCompile Include="..\scintilla\lexlib\DefaultLexer.cpp">
      <Filter>Source Files</Filter>
    </ClCompile>
    <ClCompile Include="..\scintilla\src\Document.cpp">
      <Filter>Source Files</Filter>
    </ClCompile>
    <ClCompile Include="..\scintilla\src\EditModel.cpp">
      <Filter>Source Files</Filter>
    </ClCompile>
    <ClCompile Include="..\scintilla\src\EditView.cpp">
      <Filter>Source Files</Filter>
    </ClCompile>
    <ClCompile Include="..\scintilla\src\Editor.cpp">
      <Filter>Source Files</Filter>
    </ClCompile>
    <ClCompile Include="..\scintilla\src\ExternalLexer.cpp">
      <Filter>Source Files</Filter>
    </ClCompile>
    <ClCompile Include="..\scintilla\src\Indicator.cpp">
      <Filter>Source Files</Filter>
    </ClCompile>
    <ClCompile Include="InputMethod.cpp">
      <Filter>Source Files</Filter>
    </ClCompile>
    <ClCompile Include="..\scintilla\src\KeyMap.cpp">
      <Filter>Source Files</Filter>
    </ClCompile>
    <ClCompile Include="..\scintilla\lexers\LexA68k.cpp">
      <Filter>Source Files</Filter>
    </ClCompile>
    <ClCompile Include="..\scintilla\lexers\LexAPDL.cpp">
      <Filter>Source Files</Filter>
    </ClCompile>
    <ClCompile Include="..\scintilla\lexers\LexASY.cpp">
      <Filter>Source Files</Filter>
    </ClCompile>
    <ClCompile Include="..\scintilla\lexers\LexAU3.cpp">
      <Filter>Source Files</Filter>
    </ClCompile>
    <ClCompile Include="..\scintilla\lexers\LexAVE.cpp">
      <Filter>Source Files</Filter>
    </ClCompile>
    <ClCompile Include="..\scintilla\lexers\LexAVS.cpp">
      <Filter>Source Files</Filter>
    </ClCompile>
    <ClCompile Include="..\scintilla\lexers\LexAbaqus.cpp">
      <Filter>Source Files</Filter>
    </ClCompile>
    <ClCompile Include="..\scintilla\lexers\LexAda.cpp">
      <Filter>Source Files</Filter>
    </ClCompile>
    <ClCompile Include="..\scintilla\lexers\LexAsm.cpp">
      <Filter>Source Files</Filter>
    </ClCompile>
    <ClCompile Include="..\scintilla\lexers\LexAsn1.cpp">
      <Filter>Source Files</Filter>
    </ClCompile>
    <ClCompile Include="..\scintilla\lexers\LexBaan.cpp">
      <Filter>Source Files</Filter>
    </ClCompile>
    <ClCompile Include="..\scintilla\lexers\LexBash.cpp">
      <Filter>Source Files</Filter>
    </ClCompile>
    <ClCompile Include="..\scintilla\lexers\LexBasic.cpp">
      <Filter>Source Files</Filter>
    </ClCompile>
    <ClCompile Include="..\scintilla\lexers\LexBatch.cpp">
      <Filter>Source Files</Filter>
    </ClCompile>
    <ClCompile Include="..\scintilla\lexers\LexBibTeX.cpp">
      <Filter>Source Files</Filter>
    </ClCompile>
    <ClCompile Include="..\scintilla\lexers\LexBullant.cpp">
      <Filter>Source Files</Filter>
    </ClCompile>
    <ClCompile Include="..\scintilla\lexers\LexCLW.cpp">
      <Filter>Source Files</Filter>
    </ClCompile>
    <ClCompile Include="..\scintilla\lexers\LexCOBOL.cpp">
      <Filter>Source Files</Filter>
    </ClCompile>
    <ClCompile Include="..\scintilla\lexers\LexCPP.cpp">
      <Filter>Source Files</Filter>
    </ClCompile>
    <ClCompile Include="..\scintilla\lexers\LexCSS.cpp">
      <Filter>Source Files</Filter>
    </ClCompile>
    <ClCompile Include="..\scintilla\lexers\LexCaml.cpp">
      <Filter>Source Files</Filter>
    </ClCompile>
    <ClCompile Include="..\scintilla\lexers\LexCmake.cpp">
      <Filter>Source Files</Filter>
    </ClCompile>
    <ClCompile Include="..\scintilla\lexers\LexCoffeeScript.cpp">
      <Filter>Source Files</Filter>
    </ClCompile>
    <ClCompile Include="..\scintilla\lexers\LexConf.cpp">
      <Filter>Source Files</Filter>
    </ClCompile>
    <ClCompile Include="..\scintilla\lexers\LexCrontab.cpp">
      <Filter>Source Files</Filter>
    </ClCompile>
    <ClCompile Include="..\scintilla\lexers\LexCsound.cpp">
      <Filter>Source Files</Filter>
    </ClCompile>
    <ClCompile Include="..\scintilla\lexers\LexD.cpp">
      <Filter>Source Files</Filter>
    </ClCompile>
    <ClCompile Include="..\scintilla\lexers\LexDMAP.cpp">
      <Filter>Source Files</Filter>
    </ClCompile>
    <ClCompile Include="..\scintilla\lexers\LexDMIS.cpp">
      <Filter>Source Files</Filter>
    </ClCompile>
    <ClCompile Include="..\scintilla\lexers\LexDiff.cpp">
      <Filter>Source Files</Filter>
    </ClCompile>
    <ClCompile Include="..\scintilla\lexers\LexECL.cpp">
      <Filter>Source Files</Filter>
    </ClCompile>
    <ClCompile Include="..\scintilla\lexers\LexEDIFACT.cpp">
      <Filter>Source Files</Filter>
    </ClCompile>
    <ClCompile Include="..\scintilla\lexers\LexEScript.cpp">
      <Filter>Source Files</Filter>
    </ClCompile>
    <ClCompile Include="..\scintilla\lexers\LexEiffel.cpp">
      <Filter>Source Files</Filter>
    </ClCompile>
    <ClCompile Include="..\scintilla\lexers\LexErlang.cpp">
      <Filter>Source Files</Filter>
    </ClCompile>
    <ClCompile Include="..\scintilla\lexers\LexErrorList.cpp">
      <Filter>Source Files</Filter>
    </ClCompile>
    <ClCompile Include="..\scintilla\lexers\LexFlagship.cpp">
      <Filter>Source Files</Filter>
    </ClCompile>
    <ClCompile Include="..\scintilla\lexers\LexForth.cpp">
      <Filter>Source Files</Filter>
    </ClCompile>
    <ClCompile Include="..\scintilla\lexers\LexFortran.cpp">
      <Filter>Source Files</Filter>
    </ClCompile>
    <ClCompile Include="..\scintilla\lexers\LexGAP.cpp">
      <Filter>Source Files</Filter>
    </ClCompile>
    <ClCompile Include="..\scintilla\lexers\LexGui4Cli.cpp">
      <Filter>Source Files</Filter>
    </ClCompile>
    <ClCompile Include="..\scintilla\lexers\LexHTML.cpp">
      <Filter>Source Files</Filter>
    </ClCompile>
    <ClCompile Include="..\scintilla\lexers\LexHaskell.cpp">
      <Filter>Source Files</Filter>
    </ClCompile>
    <ClCompile Include="..\scintilla\lexers\LexHex.cpp">
      <Filter>Source Files</Filter>
    </ClCompile>
    <ClCompile Include="..\scintilla\lexers\LexIndent.cpp">
      <Filter>Source Files</Filter>
    </ClCompile>
    <ClCompile Include="..\scintilla\lexers\LexInno.cpp">
      <Filter>Source Files</Filter>
    </ClCompile>
    <ClCompile Include="..\scintilla\lexers\LexJSON.cpp">
      <Filter>Source Files</Filter>
    </ClCompile>
    <ClCompile Include="..\scintilla\lexers\LexKVIrc.cpp">
      <Filter>Source Files</Filter>
    </ClCompile>
    <ClCompile Include="..\scintilla\lexers\LexKix.cpp">
      <Filter>Source Files</Filter>
    </ClCompile>
    <ClCompile Include="..\scintilla\lexers\LexLaTeX.cpp">
      <Filter>Source Files</Filter>
    </ClCompile>
    <ClCompile Include="..\scintilla\lexers\LexLisp.cpp">
      <Filter>Source Files</Filter>
    </ClCompile>
    <ClCompile Include="..\scintilla\lexers\LexLout.cpp">
      <Filter>Source Files</Filter>
    </ClCompile>
    <ClCompile Include="..\scintilla\lexers\LexLua.cpp">
      <Filter>Source Files</Filter>
    </ClCompile>
    <ClCompile Include="..\scintilla\lexers\LexMMIXAL.cpp">
      <Filter>Source Files</Filter>
    </ClCompile>
    <ClCompile Include="..\scintilla\lexers\LexMPT.cpp">
      <Filter>Source Files</Filter>
    </ClCompile>
    <ClCompile Include="..\scintilla\lexers\LexMSSQL.cpp">
      <Filter>Source Files</Filter>
    </ClCompile>
    <ClCompile Include="..\scintilla\lexers\LexMagik.cpp">
      <Filter>Source Files</Filter>
    </ClCompile>
    <ClCompile Include="..\scintilla\lexers\LexMake.cpp">
      <Filter>Source Files</Filter>
    </ClCompile>
    <ClCompile Include="..\scintilla\lexers\LexMarkdown.cpp">
      <Filter>Source Files</Filter>
    </ClCompile>
    <ClCompile Include="..\scintilla\lexers\LexMatlab.cpp">
      <Filter>Source Files</Filter>
    </ClCompile>
    <ClCompile Include="..\scintilla\lexers\LexMaxima.cpp">
      <Filter>Source Files</Filter>
    </ClCompile>
    <ClCompile Include="..\scintilla\lexers\LexMetapost.cpp">
      <Filter>Source Files</Filter>
    </ClCompile>
    <ClCompile Include="..\scintilla\lexers\LexModula.cpp">
      <Filter>Source Files</Filter>
    </ClCompile>
    <ClCompile Include="..\scintilla\lexers\LexMySQL.cpp">
      <Filter>Source Files</Filter>
    </ClCompile>
    <ClCompile Include="..\scintilla\lexers\LexNimrod.cpp">
      <Filter>Source Files</Filter>
    </ClCompile>
    <ClCompile Include="..\scintilla\lexers\LexNsis.cpp">
      <Filter>Source Files</Filter>
    </ClCompile>
    <ClCompile Include="..\scintilla\lexers\LexNull.cpp">
      <Filter>Source Files</Filter>
    </ClCompile>
    <ClCompile Include="..\scintilla\lexers\LexOScript.cpp">
      <Filter>Source Files</Filter>
    </ClCompile>
    <ClCompile Include="..\scintilla\lexers\LexOpal.cpp">
      <Filter>Source Files</Filter>
    </ClCompile>
    <ClCompile Include="..\scintilla\lexers\LexPB.cpp">
      <Filter>Source Files</Filter>
    </ClCompile>
    <ClCompile Include="..\scintilla\lexers\LexPLM.cpp">
      <Filter>Source Files</Filter>
    </ClCompile>
    <ClCompile Include="..\scintilla\lexers\LexPO.cpp">
      <Filter>Source Files</Filter>
    </ClCompile>
    <ClCompile Include="..\scintilla\lexers\LexPOV.cpp">
      <Filter>Source Files</Filter>
    </ClCompile>
    <ClCompile Include="..\scintilla\lexers\LexPS.cpp">
      <Filter>Source Files</Filter>
    </ClCompile>
    <ClCompile Include="..\scintilla\lexers\LexPascal.cpp">
      <Filter>Source Files</Filter>
    </ClCompile>
    <ClCompile Include="..\scintilla\lexers\LexPerl.cpp">
      <Filter>Source Files</Filter>
    </ClCompile>
    <ClCompile Include="..\scintilla\lexers\LexPowerPro.cpp">
      <Filter>Source Files</Filter>
    </ClCompile>
    <ClCompile Include="..\scintilla\lexers\LexPowerShell.cpp">
      <Filter>Source Files</Filter>
    </ClCompile>
    <ClCompile Include="..\scintilla\lexers\LexProgress.cpp">
      <Filter>Source Files</Filter>
    </ClCompile>
    <ClCompile Include="..\scintilla\lexers\LexProps.cpp">
      <Filter>Source Files</Filter>
    </ClCompile>
    <ClCompile Include="..\scintilla\lexers\LexPython.cpp">
      <Filter>Source Files</Filter>
    </ClCompile>
    <ClCompile Include="..\scintilla\lexers\LexR.cpp">
      <Filter>Source Files</Filter>
    </ClCompile>
    <ClCompile Include="..\scintilla\lexers\LexRebol.cpp">
      <Filter>Source Files</Filter>
    </ClCompile>
    <ClCompile Include="..\scintilla\lexers\LexRegistry.cpp">
      <Filter>Source Files</Filter>
    </ClCompile>
    <ClCompile Include="..\scintilla\lexers\LexRuby.cpp">
      <Filter>Source Files</Filter>
    </ClCompile>
    <ClCompile Include="..\scintilla\lexers\LexRust.cpp">
      <Filter>Source Files</Filter>
    </ClCompile>
    <ClCompile Include="..\scintilla\lexers\LexSAS.cpp">
      <Filter>Source Files</Filter>
    </ClCompile>
    <ClCompile Include="..\scintilla\lexers\LexSML.cpp">
      <Filter>Source Files</Filter>
    </ClCompile>
    <ClCompile Include="..\scintilla\lexers\LexSQL.cpp">
      <Filter>Source Files</Filter>
    </ClCompile>
    <ClCompile Include="..\scintilla\lexers\LexSTTXT.cpp">
      <Filter>Source Files</Filter>
    </ClCompile>
    <ClCompile Include="..\scintilla\lexers\LexScriptol.cpp">
      <Filter>Source Files</Filter>
    </ClCompile>
    <ClCompile Include="..\scintilla\lexers\LexSmalltalk.cpp">
      <Filter>Source Files</Filter>
    </ClCompile>
    <ClCompile Include="..\scintilla\lexers\LexSorcus.cpp">
      <Filter>Source Files</Filter>
    </ClCompile>
    <ClCompile Include="..\scintilla\lexers\LexSpecman.cpp">
      <Filter>Source Files</Filter>
    </ClCompile>
    <ClCompile Include="..\scintilla\lexers\LexSpice.cpp">
      <Filter>Source Files</Filter>
    </ClCompile>
    <ClCompile Include="..\scintilla\lexers\LexStata.cpp">
      <Filter>Source Files</Filter>
    </ClCompile>
    <ClCompile Include="..\scintilla\lexers\LexTACL.cpp">
      <Filter>Source Files</Filter>
    </ClCompile>
    <ClCompile Include="..\scintilla\lexers\LexTADS3.cpp">
      <Filter>Source Files</Filter>
    </ClCompile>
    <ClCompile Include="..\scintilla\lexers\LexTAL.cpp">
      <Filter>Source Files</Filter>
    </ClCompile>
    <ClCompile Include="..\scintilla\lexers\LexTCL.cpp">
      <Filter>Source Files</Filter>
    </ClCompile>
    <ClCompile Include="..\scintilla\lexers\LexTCMD.cpp">
      <Filter>Source Files</Filter>
    </ClCompile>
    <ClCompile Include="..\scintilla\lexers\LexTXT.cpp">
      <Filter>Source Files</Filter>
    </ClCompile>
    <ClCompile Include="..\scintilla\lexers\LexTeX.cpp">
      <Filter>Source Files</Filter>
    </ClCompile>
    <ClCompile Include="..\scintilla\lexers\LexTxt2tags.cpp">
      <Filter>Source Files</Filter>
    </ClCompile>
    <ClCompile Include="..\scintilla\lexers\LexVB.cpp">
      <Filter>Source Files</Filter>
    </ClCompile>
    <ClCompile Include="..\scintilla\lexers\LexVHDL.cpp">
      <Filter>Source Files</Filter>
    </ClCompile>
    <ClCompile Include="..\scintilla\lexers\LexVerilog.cpp">
      <Filter>Source Files</Filter>
    </ClCompile>
    <ClCompile Include="..\scintilla\lexers\LexVisualProlog.cpp">
      <Filter>Source Files</Filter>
    </ClCompile>
    <ClCompile Include="..\scintilla\lexers\LexYAML.cpp">
      <Filter>Source Files</Filter>
    </ClCompile>
    <ClCompile Include="..\scintilla\lexlib\LexerBase.cpp">
      <Filter>Source Files</Filter>
    </ClCompile>
    <ClCompile Include="..\scintilla\lexlib\LexerModule.cpp">
      <Filter>Source Files</Filter>
    </ClCompile>
    <ClCompile Include="..\scintilla\lexlib\LexerNoExceptions.cpp">
      <Filter>Source Files</Filter>
    </ClCompile>
    <ClCompile Include="..\scintilla\lexlib\LexerSimple.cpp">
      <Filter>Source Files</Filter>
    </ClCompile>
    <ClCompile Include="..\scintilla\src\LineMarker.cpp">
      <Filter>Source Files</Filter>
    </ClCompile>
    <ClCompile Include="ListBoxQt.cpp">
      <Filter>Source Files</Filter>
    </ClCompile>
    <ClCompile Include="MacPasteboardMime.cpp">
      <Filter>Source Files</Filter>
    </ClCompile>
    <ClCompile Include="..\scintilla\src\MarginView.cpp">
      <Filter>Source Files</Filter>
    </ClCompile>
    <ClCompile Include="..\scintilla\src\PerLine.cpp">
      <Filter>Source Files</Filter>
    </ClCompile>
    <ClCompile Include="PlatQt.cpp">
      <Filter>Source Files</Filter>
    </ClCompile>
    <ClCompile Include="..\scintilla\src\PositionCache.cpp">
      <Filter>Source Files</Filter>
    </ClCompile>
    <ClCompile Include="..\scintilla\lexlib\PropSetSimple.cpp">
      <Filter>Source Files</Filter>
    </ClCompile>
    <ClCompile Include="..\scintilla\src\RESearch.cpp">
      <Filter>Source Files</Filter>
    </ClCompile>
    <ClCompile Include="..\scintilla\src\RunStyles.cpp">
      <Filter>Source Files</Filter>
    </ClCompile>
    <ClCompile Include="SciAccessibility.cpp">
      <Filter>Source Files</Filter>
    </ClCompile>
    <ClCompile Include="SciClasses.cpp">
      <Filter>Source Files</Filter>
    </ClCompile>
    <ClCompile Include="..\scintilla\src\ScintillaBase.cpp">
      <Filter>Source Files</Filter>
    </ClCompile>
    <ClCompile Include="ScintillaQt.cpp">
      <Filter>Source Files</Filter>
    </ClCompile>
    <ClCompile Include="..\scintilla\src\Selection.cpp">
      <Filter>Source Files</Filter>
    </ClCompile>
    <ClCompile Include="..\scintilla\src\Style.cpp">
      <Filter>Source Files</Filter>
    </ClCompile>
    <ClCompile Include="..\scintilla\lexlib\StyleContext.cpp">
      <Filter>Source Files</Filter>
    </ClCompile>
    <ClCompile Include="..\scintilla\src\UniConversion.cpp">
      <Filter>Source Files</Filter>
    </ClCompile>
    <ClCompile Include="..\scintilla\src\ViewStyle.cpp">
      <Filter>Source Files</Filter>
    </ClCompile>
    <ClCompile Include="..\scintilla\lexlib\WordList.cpp">
      <Filter>Source Files</Filter>
    </ClCompile>
    <ClCompile Include="..\scintilla\src\XPM.cpp">
      <Filter>Source Files</Filter>
    </ClCompile>
    <ClCompile Include="qsciabstractapis.cpp">
      <Filter>Source Files</Filter>
    </ClCompile>
    <ClCompile Include="qsciapis.cpp">
      <Filter>Source Files</Filter>
    </ClCompile>
    <ClCompile Include="qscicommand.cpp">
      <Filter>Source Files</Filter>
    </ClCompile>
    <ClCompile Include="qscicommandset.cpp">
      <Filter>Source Files</Filter>
    </ClCompile>
    <ClCompile Include="qscidocument.cpp">
      <Filter>Source Files</Filter>
    </ClCompile>
    <ClCompile Include="qscilexer.cpp">
      <Filter>Source Files</Filter>
    </ClCompile>
    <ClCompile Include="qscilexeravs.cpp">
      <Filter>Source Files</Filter>
    </ClCompile>
    <ClCompile Include="qscilexerbash.cpp">
      <Filter>Source Files</Filter>
    </ClCompile>
    <ClCompile Include="qscilexerbatch.cpp">
      <Filter>Source Files</Filter>
    </ClCompile>
    <ClCompile Include="qscilexercmake.cpp">
      <Filter>Source Files</Filter>
    </ClCompile>
    <ClCompile Include="qscilexercoffeescript.cpp">
      <Filter>Source Files</Filter>
    </ClCompile>
    <ClCompile Include="qscilexercpp.cpp">
      <Filter>Source Files</Filter>
    </ClCompile>
    <ClCompile Include="qscilexercsharp.cpp">
      <Filter>Source Files</Filter>
    </ClCompile>
    <ClCompile Include="qscilexercss.cpp">
      <Filter>Source Files</Filter>
    </ClCompile>
    <ClCompile Include="qscilexercustom.cpp">
      <Filter>Source Files</Filter>
    </ClCompile>
    <ClCompile Include="qscilexerd.cpp">
      <Filter>Source Files</Filter>
    </ClCompile>
    <ClCompile Include="qscilexerdiff.cpp">
      <Filter>Source Files</Filter>
    </ClCompile>
    <ClCompile Include="qscilexeredifact.cpp">
      <Filter>Source Files</Filter>
    </ClCompile>
    <ClCompile Include="qscilexerfortran.cpp">
      <Filter>Source Files</Filter>
    </ClCompile>
    <ClCompile Include="qscilexerfortran77.cpp">
      <Filter>Source Files</Filter>
    </ClCompile>
    <ClCompile Include="qscilexergo.cpp">
      <Filter>Source Files</Filter>
    </ClCompile>
    <ClCompile Include="qscilexerhtml.cpp">
      <Filter>Source Files</Filter>
    </ClCompile>
    <ClCompile Include="qscilexeridl.cpp">
      <Filter>Source Files</Filter>
    </ClCompile>
    <ClCompile Include="qscilexerjava.cpp">
      <Filter>Source Files</Filter>
    </ClCompile>
    <ClCompile Include="qscilexerjavascript.cpp">
      <Filter>Source Files</Filter>
    </ClCompile>
    <ClCompile Include="qscilexerjson.cpp">
      <Filter>Source Files</Filter>
    </ClCompile>
    <ClCompile Include="qscilexerlua.cpp">
      <Filter>Source Files</Filter>
    </ClCompile>
    <ClCompile Include="qscilexermakefile.cpp">
      <Filter>Source Files</Filter>
    </ClCompile>
    <ClCompile Include="qscilexermarkdown.cpp">
      <Filter>Source Files</Filter>
    </ClCompile>
    <ClCompile Include="qscilexermatlab.cpp">
      <Filter>Source Files</Filter>
    </ClCompile>
    <ClCompile Include="qscilexernsis.cpp">
      <Filter>Source Files</Filter>
    </ClCompile>
    <ClCompile Include="qscilexeroctave.cpp">
      <Filter>Source Files</Filter>
    </ClCompile>
    <ClCompile Include="qscilexerpascal.cpp">
      <Filter>Source Files</Filter>
    </ClCompile>
    <ClCompile Include="qscilexerperl.cpp">
      <Filter>Source Files</Filter>
    </ClCompile>
    <ClCompile Include="qscilexerpo.cpp">
      <Filter>Source Files</Filter>
    </ClCompile>
    <ClCompile Include="qscilexerpostscript.cpp">
      <Filter>Source Files</Filter>
    </ClCompile>
    <ClCompile Include="qscilexerpov.cpp">
      <Filter>Source Files</Filter>
    </ClCompile>
    <ClCompile Include="qscilexerproperties.cpp">
      <Filter>Source Files</Filter>
    </ClCompile>
    <ClCompile Include="qscilexerpython.cpp">
      <Filter>Source Files</Filter>
    </ClCompile>
    <ClCompile Include="qscilexerruby.cpp">
      <Filter>Source Files</Filter>
    </ClCompile>
    <ClCompile Include="qscilexerspice.cpp">
      <Filter>Source Files</Filter>
    </ClCompile>
    <ClCompile Include="qscilexersql.cpp">
      <Filter>Source Files</Filter>
    </ClCompile>
    <ClCompile Include="qscilexertcl.cpp">
      <Filter>Source Files</Filter>
    </ClCompile>
    <ClCompile Include="qscilexertex.cpp">
      <Filter>Source Files</Filter>
    </ClCompile>
    <ClCompile Include="qscilexertext.cpp">
      <Filter>Source Files</Filter>
    </ClCompile>
    <ClCompile Include="qscilexerverilog.cpp">
      <Filter>Source Files</Filter>
    </ClCompile>
    <ClCompile Include="qscilexervhdl.cpp">
      <Filter>Source Files</Filter>
    </ClCompile>
    <ClCompile Include="qscilexerxml.cpp">
      <Filter>Source Files</Filter>
    </ClCompile>
    <ClCompile Include="qscilexeryaml.cpp">
      <Filter>Source Files</Filter>
    </ClCompile>
    <ClCompile Include="qscimacro.cpp">
      <Filter>Source Files</Filter>
    </ClCompile>
    <ClCompile Include="qsciprinter.cpp">
      <Filter>Source Files</Filter>
    </ClCompile>
    <ClCompile Include="qsciscintilla.cpp">
      <Filter>Source Files</Filter>
    </ClCompile>
    <ClCompile Include="qsciscintillabase.cpp">
      <Filter>Source Files</Filter>
    </ClCompile>
    <ClCompile Include="qscistyle.cpp">
      <Filter>Source Files</Filter>
    </ClCompile>
    <ClCompile Include="qscistyledtext.cpp">
      <Filter>Source Files</Filter>
    </ClCompile>
    <ClCompile Include="xmlMatchedTagsHighlighter.cpp">
      <Filter>Source Files</Filter>
    </ClCompile>
  </ItemGroup>
  <ItemGroup>
    <ClInclude Include="..\scintilla\lexlib\Accessor.h">
      <Filter>Header Files</Filter>
    </ClInclude>
    <ClInclude Include="..\scintilla\src\AutoComplete.h">
      <Filter>Header Files</Filter>
    </ClInclude>
    <ClInclude Include="..\scintilla\src\CallTip.h">
      <Filter>Header Files</Filter>
    </ClInclude>
    <ClInclude Include="..\scintilla\src\CaseConvert.h">
      <Filter>Header Files</Filter>
    </ClInclude>
    <ClInclude Include="..\scintilla\src\CaseFolder.h">
      <Filter>Header Files</Filter>
    </ClInclude>
    <ClInclude Include="..\scintilla\src\Catalogue.h">
      <Filter>Header Files</Filter>
    </ClInclude>
    <ClInclude Include="..\scintilla\src\CellBuffer.h">
      <Filter>Header Files</Filter>
    </ClInclude>
    <ClInclude Include="..\scintilla\src\CharClassify.h">
      <Filter>Header Files</Filter>
    </ClInclude>
    <ClInclude Include="..\scintilla\lexlib\CharacterCategory.h">
      <Filter>Header Files</Filter>
    </ClInclude>
    <ClInclude Include="..\scintilla\lexlib\CharacterSet.h">
      <Filter>Header Files</Filter>
    </ClInclude>
    <ClInclude Include="..\scintilla\src\ContractionState.h">
      <Filter>Header Files</Filter>
    </ClInclude>
    <ClInclude Include="..\scintilla\src\DBCS.h">
      <Filter>Header Files</Filter>
    </ClInclude>
    <ClInclude Include="..\scintilla\src\Decoration.h">
      <Filter>Header Files</Filter>
    </ClInclude>
    <ClInclude Include="..\scintilla\lexlib\DefaultLexer.h">
      <Filter>Header Files</Filter>
    </ClInclude>
    <ClInclude Include="..\scintilla\src\Document.h">
      <Filter>Header Files</Filter>
    </ClInclude>
    <ClInclude Include="..\scintilla\src\EditModel.h">
      <Filter>Header Files</Filter>
    </ClInclude>
    <ClInclude Include="..\scintilla\src\EditView.h">
      <Filter>Header Files</Filter>
    </ClInclude>
    <ClInclude Include="..\scintilla\src\Editor.h">
      <Filter>Header Files</Filter>
    </ClInclude>
    <ClInclude Include="..\scintilla\src\ElapsedPeriod.h">
      <Filter>Header Files</Filter>
    </ClInclude>
    <ClInclude Include="..\scintilla\src\ExternalLexer.h">
      <Filter>Header Files</Filter>
    </ClInclude>
    <ClInclude Include="..\scintilla\src\FontQuality.h">
      <Filter>Header Files</Filter>
    </ClInclude>
    <ClInclude Include="..\scintilla\include\ILexer.h">
      <Filter>Header Files</Filter>
    </ClInclude>
    <ClInclude Include="..\scintilla\include\ILoader.h">
      <Filter>Header Files</Filter>
    </ClInclude>
    <ClInclude Include="..\scintilla\src\Indicator.h">
      <Filter>Header Files</Filter>
    </ClInclude>
    <ClInclude Include="..\scintilla\src\IntegerRectangle.h">
      <Filter>Header Files</Filter>
    </ClInclude>
    <ClInclude Include="..\scintilla\src\KeyMap.h">
      <Filter>Header Files</Filter>
    </ClInclude>
    <ClInclude Include="..\scintilla\lexlib\LexAccessor.h">
      <Filter>Header Files</Filter>
    </ClInclude>
    <ClInclude Include="..\scintilla\lexlib\LexerBase.h">
      <Filter>Header Files</Filter>
    </ClInclude>
    <ClInclude Include="..\scintilla\lexlib\LexerModule.h">
      <Filter>Header Files</Filter>
    </ClInclude>
    <ClInclude Include="..\scintilla\lexlib\LexerNoExceptions.h">
      <Filter>Header Files</Filter>
    </ClInclude>
    <ClInclude Include="..\scintilla\lexlib\LexerSimple.h">
      <Filter>Header Files</Filter>
    </ClInclude>
    <ClInclude Include="..\scintilla\src\LineMarker.h">
      <Filter>Header Files</Filter>
    </ClInclude>
    <ClInclude Include="ListBoxQt.h">
      <Filter>Header Files</Filter>
    </ClInclude>
    <ClInclude Include="..\scintilla\src\MarginView.h">
      <Filter>Header Files</Filter>
    </ClInclude>
    <ClInclude Include="..\scintilla\lexlib\OptionSet.h">
      <Filter>Header Files</Filter>
    </ClInclude>
    <ClInclude Include="..\scintilla\src\Partitioning.h">
      <Filter>Header Files</Filter>
    </ClInclude>
    <ClInclude Include="..\scintilla\src\PerLine.h">
      <Filter>Header Files</Filter>
    </ClInclude>
    <ClInclude Include="..\scintilla\include\Platform.h">
      <Filter>Header Files</Filter>
    </ClInclude>
    <ClInclude Include="..\scintilla\src\Position.h">
      <Filter>Header Files</Filter>
    </ClInclude>
    <ClInclude Include="..\scintilla\src\PositionCache.h">
      <Filter>Header Files</Filter>
    </ClInclude>
    <ClInclude Include="..\scintilla\lexlib\PropSetSimple.h">
      <Filter>Header Files</Filter>
    </ClInclude>
    <ClInclude Include="..\scintilla\src\RESearch.h">
      <Filter>Header Files</Filter>
    </ClInclude>
    <ClInclude Include="..\scintilla\src\RunStyles.h">
      <Filter>Header Files</Filter>
    </ClInclude>
    <ClInclude Include="SciAccessibility.h">
      <Filter>Header Files</Filter>
    </ClInclude>
    <QtMoc Include="SciClasses.h">
      <Filter>Header Files</Filter>
    </QtMoc>
    <ClInclude Include="..\scintilla\include\SciLexer.h">
      <Filter>Header Files</Filter>
    </ClInclude>
    <ClInclude Include="..\scintilla\include\Sci_Position.h">
      <Filter>Header Files</Filter>
    </ClInclude>
    <ClInclude Include="..\scintilla\include\Scintilla.h">
      <Filter>Header Files</Filter>
    </ClInclude>
    <ClInclude Include="..\scintilla\src\ScintillaBase.h">
      <Filter>Header Files</Filter>
    </ClInclude>
    <QtMoc Include="ScintillaQt.h">
      <Filter>Header Files</Filter>
    </QtMoc>
    <ClInclude Include="..\scintilla\include\ScintillaWidget.h">
      <Filter>Header Files</Filter>
    </ClInclude>
    <ClInclude Include="..\scintilla\src\Selection.h">
      <Filter>Header Files</Filter>
    </ClInclude>
    <ClInclude Include="..\scintilla\lexlib\SparseState.h">
      <Filter>Header Files</Filter>
    </ClInclude>
    <ClInclude Include="..\scintilla\src\SparseVector.h">
      <Filter>Header Files</Filter>
    </ClInclude>
    <ClInclude Include="..\scintilla\src\SplitVector.h">
      <Filter>Header Files</Filter>
    </ClInclude>
    <ClInclude Include="..\scintilla\lexlib\StringCopy.h">
      <Filter>Header Files</Filter>
    </ClInclude>
    <ClInclude Include="..\scintilla\src\Style.h">
      <Filter>Header Files</Filter>
    </ClInclude>
    <ClInclude Include="..\scintilla\lexlib\StyleContext.h">
      <Filter>Header Files</Filter>
    </ClInclude>
    <ClInclude Include="..\scintilla\lexlib\SubStyles.h">
      <Filter>Header Files</Filter>
    </ClInclude>
    <ClInclude Include="..\scintilla\src\UniConversion.h">
      <Filter>Header Files</Filter>
    </ClInclude>
    <ClInclude Include="..\scintilla\src\UniqueString.h">
      <Filter>Header Files</Filter>
    </ClInclude>
    <ClInclude Include="..\scintilla\src\ViewStyle.h">
      <Filter>Header Files</Filter>
    </ClInclude>
    <ClInclude Include="..\scintilla\lexlib\WordList.h">
      <Filter>Header Files</Filter>
    </ClInclude>
    <ClInclude Include="..\scintilla\src\XPM.h">
      <Filter>Header Files</Filter>
    </ClInclude>
    <QtMoc Include="Qsci\qsciabstractapis.h">
      <Filter>Header Files</Filter>
    </QtMoc>
    <QtMoc Include="Qsci\qsciapis.h">
      <Filter>Header Files</Filter>
    </QtMoc>
    <ClInclude Include="Qsci\qscicommand.h">
      <Filter>Header Files</Filter>
    </ClInclude>
    <ClInclude Include="Qsci\qscicommandset.h">
      <Filter>Header Files</Filter>
    </ClInclude>
    <ClInclude Include="Qsci\qscidocument.h">
      <Filter>Header Files</Filter>
    </ClInclude>
    <ClInclude Include="Qsci\qsciglobal.h">
      <Filter>Header Files</Filter>
    </ClInclude>
    <QtMoc Include="Qsci\qscilexer.h">
      <Filter>Header Files</Filter>
    </QtMoc>
    <QtMoc Include="Qsci\qscilexeravs.h">
      <Filter>Header Files</Filter>
    </QtMoc>
    <QtMoc Include="Qsci\qscilexerbash.h">
      <Filter>Header Files</Filter>
    </QtMoc>
    <QtMoc Include="Qsci\qscilexerbatch.h">
      <Filter>Header Files</Filter>
    </QtMoc>
    <QtMoc Include="Qsci\qscilexercmake.h">
      <Filter>Header Files</Filter>
    </QtMoc>
    <QtMoc Include="Qsci\qscilexercoffeescript.h">
      <Filter>Header Files</Filter>
    </QtMoc>
    <QtMoc Include="Qsci\qscilexercpp.h">
      <Filter>Header Files</Filter>
    </QtMoc>
    <QtMoc Include="Qsci\qscilexercsharp.h">
      <Filter>Header Files</Filter>
    </QtMoc>
    <QtMoc Include="Qsci\qscilexercss.h">
      <Filter>Header Files</Filter>
    </QtMoc>
    <QtMoc Include="Qsci\qscilexercustom.h">
      <Filter>Header Files</Filter>
    </QtMoc>
    <QtMoc Include="Qsci\qscilexerd.h">
      <Filter>Header Files</Filter>
    </QtMoc>
    <QtMoc Include="Qsci\qscilexerdiff.h">
      <Filter>Header Files</Filter>
    </QtMoc>
    <QtMoc Include="Qsci\qscilexeredifact.h">
      <Filter>Header Files</Filter>
    </QtMoc>
    <QtMoc Include="Qsci\qscilexerfortran.h">
      <Filter>Header Files</Filter>
    </QtMoc>
    <QtMoc Include="Qsci\qscilexerfortran77.h">
      <Filter>Header Files</Filter>
    </QtMoc>
    <QtMoc Include="Qsci\qscilexergo.h">
      <Filter>Header Files</Filter>
    </QtMoc>
    <QtMoc Include="Qsci\qscilexerhtml.h">
      <Filter>Header Files</Filter>
    </QtMoc>
    <QtMoc Include="Qsci\qscilexeridl.h">
      <Filter>Header Files</Filter>
    </QtMoc>
    <QtMoc Include="Qsci\qscilexerjava.h">
      <Filter>Header Files</Filter>
    </QtMoc>
    <QtMoc Include="Qsci\qscilexerjavascript.h">
      <Filter>Header Files</Filter>
    </QtMoc>
    <QtMoc Include="Qsci\qscilexerjson.h">
      <Filter>Header Files</Filter>
    </QtMoc>
    <QtMoc Include="Qsci\qscilexerlua.h">
      <Filter>Header Files</Filter>
    </QtMoc>
    <QtMoc Include="Qsci\qscilexermakefile.h">
      <Filter>Header Files</Filter>
    </QtMoc>
    <QtMoc Include="Qsci\qscilexermarkdown.h">
      <Filter>Header Files</Filter>
    </QtMoc>
    <QtMoc Include="Qsci\qscilexermatlab.h">
      <Filter>Header Files</Filter>
    </QtMoc>
    <QtMoc Include="Qsci\qscilexernsis.h">
      <Filter>Header Files</Filter>
    </QtMoc>
    <QtMoc Include="Qsci\qscilexeroctave.h">
      <Filter>Header Files</Filter>
    </QtMoc>
    <QtMoc Include="Qsci\qscilexerpascal.h">
      <Filter>Header Files</Filter>
    </QtMoc>
    <QtMoc Include="Qsci\qscilexerperl.h">
      <Filter>Header Files</Filter>
    </QtMoc>
    <QtMoc Include="Qsci\qscilexerpo.h">
      <Filter>Header Files</Filter>
    </QtMoc>
    <QtMoc Include="Qsci\qscilexerpostscript.h">
      <Filter>Header Files</Filter>
    </QtMoc>
    <QtMoc Include="Qsci\qscilexerpov.h">
      <Filter>Header Files</Filter>
    </QtMoc>
    <QtMoc Include="Qsci\qscilexerproperties.h">
      <Filter>Header Files</Filter>
    </QtMoc>
    <QtMoc Include="Qsci\qscilexerpython.h">
      <Filter>Header Files</Filter>
    </QtMoc>
    <QtMoc Include="Qsci\qscilexerruby.h">
      <Filter>Header Files</Filter>
    </QtMoc>
    <QtMoc Include="Qsci\qscilexerspice.h">
      <Filter>Header Files</Filter>
    </QtMoc>
    <QtMoc Include="Qsci\qscilexersql.h">
      <Filter>Header Files</Filter>
    </QtMoc>
    <QtMoc Include="Qsci\qscilexertcl.h">
      <Filter>Header Files</Filter>
    </QtMoc>
    <QtMoc Include="Qsci\qscilexertex.h">
      <Filter>Header Files</Filter>
    </QtMoc>
    <QtMoc Include="Qsci\qscilexertext.h">
      <Filter>Header Files</Filter>
    </QtMoc>
    <QtMoc Include="Qsci\qscilexerverilog.h">
      <Filter>Header Files</Filter>
    </QtMoc>
    <QtMoc Include="Qsci\qscilexervhdl.h">
      <Filter>Header Files</Filter>
    </QtMoc>
    <QtMoc Include="Qsci\qscilexerxml.h">
      <Filter>Header Files</Filter>
    </QtMoc>
    <QtMoc Include="Qsci\qscilexeryaml.h">
      <Filter>Header Files</Filter>
    </QtMoc>
    <QtMoc Include="Qsci\qscimacro.h">
      <Filter>Header Files</Filter>
    </QtMoc>
    <ClInclude Include="Qsci\qsciprinter.h">
      <Filter>Header Files</Filter>
    </ClInclude>
    <QtMoc Include="Qsci\qsciscintilla.h">
      <Filter>Header Files</Filter>
    </QtMoc>
    <QtMoc Include="Qsci\qsciscintillabase.h">
      <Filter>Header Files</Filter>
    </QtMoc>
    <ClInclude Include="Qsci\qscistyle.h">
      <Filter>Header Files</Filter>
    </ClInclude>
    <ClInclude Include="Qsci\qscistyledtext.h">
      <Filter>Header Files</Filter>
    </ClInclude>
    <ClInclude Include="xmlMatchedTagsHighlighter.h">
      <Filter>Header Files</Filter>
    </ClInclude>
  </ItemGroup>
  <ItemGroup>
    
    
    
    
    <CustomBuild Include="debug\moc_predefs.h.cbt">
      <Filter>Generated Files</Filter>
    </CustomBuild>
    <CustomBuild Include="release\moc_predefs.h.cbt">
      <Filter>Generated Files</Filter>
    </CustomBuild>
    
    
    
    
    
    
    
    
    
    
    
    
    
    
    
    
    
    
    
    
    
    
    
    
    
    
    
    
    
    
    
    
    
    
    
    
    
    
    
    
    
    
    
    
    
    
    
    
    
    
    
    
    
    
    
    
    
    
    
    
    
    
    
    
    
    
    
    
    
    
    
    
    
    
    
    
    
    
    
    
    
    
    
    
    
    
    
    
    
    
    
    
    
    
    
    
    
    
  </ItemGroup>
  <ItemGroup>
    <None Include="qscintilla_ch.ts">
      <Filter>Translation Files</Filter>
    </None>
  </ItemGroup>
</Project>